{
    "version": "0.5",
    "requires": [
        "zlib/1.3.1#f52e03ae3d251dec704634230cd806a2%1708593606.497",
        "xz_utils/5.4.5#b885d1d79c9d30cff3803f7f551dbe66%1724318972.064",
        "xkeyboard-config/system#57dd5c08e72ab06bc2ee0e756c0a2c41%1703110621.907",
        "xkbcommon/1.6.0#dababe41c183634d88ad56ef4740c045%1714157587.792",
        "wayland/1.22.0#284b56bdbe57868770f46100784e3b4d%1713421055.17",
        "vorbis/1.3.7#37e58f52e59a6232199b34ef402714a6%1699046045.52",
        "stb/cci.20230920#ed79bd361e974a99137f214efb117eef%1720366013.319",
        "sdl_ttf/2.22.0#12da26393baf81db47ad8ffba9bc77bb%1706062044.286",
        "sdl_mixer/2.8.0#09418ce156e3eec6036493156c680c8d%1712338118.327",
        "sdl_image/2.6.3#52a97d235594273a10267a0ca5b3f9ec%1721129107.161",
        "sdl/2.30.8#9e1ecfa781e45e6fc2aef6cd64aaf2f7%1727837461.14",
        "pulseaudio/14.2#30afeff38a7770cb9cda17a66da49a19%1719557658.76",
        "protobuf/3.21.12#2099e6c66fcd31b52c3afc0c096c1d02%1721234378.51",
        "opus/1.4#3c98a306d127dce1e74d58a0e2c850b5%1726141248.821",
        "openssl/3.3.2#9f9f130d58e7c13e76bb8a559f0a6a8b%1726234629.657",
        "opengl/system#4df6fecde4084386beded3ed0e56e4ea%1709801735.507",
        "ogg/1.3.5#062626875f5c8c59f069f76f148098ef%1676030023.878",
        "mpg123/1.31.2#ce831c936b2284e2066ab3dc58a2628e%1697088458.795",
        "mesa-glu/9.0.3#94609f918d5ca4e5fea0f7a985b29f68%1700054308.695",
        "m4/1.4.19#b38ced39a01e31fef5435bc634461fd2%1700758725.451",
        "libxml2/2.13.4#72b3bfba0c37dfe22f20c587cc468f4c%1726875222.855",
        "libunwind/1.8.0#045502d366b4ce2bc52a492648e62d2b%1711959369.934",
        "libtool/2.4.7#08316dad5c72c541ed21e039e4cf217b%1702300906.107",
        "libsndfile/1.2.2#b47faa587d50886068a4d2f385383ab9%1727108650.064",
        "libpng/1.6.44#9e1aa08fb46946c7c91e4ae03bd49811%1726517437.225",
        "libmp3lame/3.100#44b12d19316eb2b223d98d3e75dae438%1674992501.853",
        "libjpeg/9e#ebca87d1efc798db99cc9bbe2297679a%1723665906.622",
        "libiconv/1.17#73fefc1b696e069df90fd1d18aa63edd%1707122814.387",
        "libglvnd/1.7.0#cd2e728b07cc6cf5e2e0d88ca6d689f8%1713270118.269",
        "libffi/3.4.4#72cccac6139293b6e97ec9cd676547ff%1712271679.608",
        "libcurl/8.10.1#a3113369c86086b0e84231844e7ed0a9%1726826278.501",
        "libcap/2.69#7ef2d60864c2e58e89db957be936dc49%1693427138.461",
        "libalsa/1.2.10#e64d5e1ced869a2f676145bab4f4a181%1724146566.895",
        "glew/2.2.0#7ed80001a1a9686f00ccf4f4680c5f73%1709906264.574",
        "freetype/2.13.2#5d2563803c8558d4ef47271a82c73d20%1728736671.752",
        "flac/1.4.2#d4051f8b37ee93725dea40dfd6a10168%1713623506.282",
        "expat/2.6.3#39b80d3109fbe578fddfe4951f0b1d57%1725469045.298",
        "egl/system#068ac3037d8cf01f768d0e001e6dcd76%1681426530.637",
        "bzip2/1.0.8#d00dac990f08d991998d624be81a9526%1724661266.998",
        "brotli/1.1.0#d56d7bb9ca722942aba17369cb5c0519%1696161049.808",
        "automake/1.16.5#058bda3e21c36c9aa8425daf3c1faf50%1688481772.751",
        "autoconf/2.71#f9307992909d7fb3df459340f1932809%1711983104.648"
    ],
    "build_requires": [
        "zlib/1.3.1#f52e03ae3d251dec704634230cd806a2%1708593606.497",
        "yasm/1.3.0#fb800a15413dca19bfaef9e4b5d50694%1676208399.011",
        "wayland-protocols/1.33#ff1b6deb00cb3ddd949261217588a4de%1725279251.597",
        "wayland/1.22.0#284b56bdbe57868770f46100784e3b4d%1713421055.17",
        "pkgconf/2.1.0#27f44583701117b571307cf5b5fe5605%1701537936.436",
        "pkgconf/2.0.3#f996677e96e61e6552d85e83756c328b%1696606182.229",
        "ninja/1.12.1#fd583651bf0c6a901943495d49878803%1724079877.609",
        "meson/1.4.0#2262941cc8fbb0099dd0c196ca2a6c01%1726730116.631",
        "meson/1.3.2#26ce8a76a36cc275cdfee1d757bc6561%1726730118.251",
        "meson/1.3.0#39e72c134c60664acd1368390f663f85%1726730116.956",
        "meson/1.2.3#1d15f8d0bb576a64de8f927dbabec9dd%1726730118.463",
        "meson/1.2.2#21b73818ba96d9eea465b310b5bbc993%1726730120.212",
        "m4/1.4.19#b38ced39a01e31fef5435bc634461fd2%1700758725.451",
        "libxml2/2.13.4#72b3bfba0c37dfe22f20c587cc468f4c%1726875222.855",
        "libtool/2.4.7#08316dad5c72c541ed21e039e4cf217b%1702300906.107",
        "libiconv/1.17#73fefc1b696e069df90fd1d18aa63edd%1707122814.387",
        "libffi/3.4.4#72cccac6139293b6e97ec9cd676547ff%1712271679.608",
        "gnu-config/cci.20210814#dc430d754f465e8c74463019672fb97b%1701248168.479",
        "gettext/0.21#a2bd3513f212013764c9040f4c70ed69%1717422118.985",
        "flex/2.6.4#e35bc44b3fcbcd661e0af0dc5b5b1ad4%1674818991.113",
        "expat/2.6.3#39b80d3109fbe578fddfe4951f0b1d57%1725469045.298",
        "cmake/3.30.5#540068cc37f1d21b42b729c82d6bcb29%1728562547.207",
        "bison/3.8.2#ed1ba0c42d2ab7ab64fc3a62e9ecc673%1688556312.342",
        "automake/1.16.5#058bda3e21c36c9aa8425daf3c1faf50%1688481772.751",
        "autoconf/2.71#f9307992909d7fb3df459340f1932809%1711983104.648"
    ],
    "python_requires": [],
    "overrides": {
        "sdl/2.28.3": [
            "sdl/2.30.8"
        ],
        "sdl/2.28.5": [
            "sdl/2.30.8#9e1ecfa781e45e6fc2aef6cd64aaf2f7"
        ]
    },
    "config_requires": []
}